
Microsoft Visual Studio Solution File, Format Version 12.00
# Visual Studio Version 17
VisualStudioVersion = 17.11.35312.102
MinimumVisualStudioVersion = 10.0.40219.1
Project("{FAE04EC0-301F-11D3-BF4B-00C04F79EFBC}") = "cadastro de carros", "cadastro de carros\cadastro de carros.csproj", "{5CEEEC5D-BE1F-475B-B616-5FF8F8ED2E83}"
EndProject
Global
	GlobalSection(SolutionConfigurationPlatforms) = preSolution
		Debug|Any CPU = Debug|Any CPU
		Release|Any CPU = Release|Any CPU
	EndGlobalSection
	GlobalSection(ProjectConfigurationPlatforms) = postSolution
		{5CEEEC5D-BE1F-475B-B616-5FF8F8ED2E83}.Debug|Any CPU.ActiveCfg = Debug|Any CPU
		{5CEEEC5D-BE1F-475B-B616-5FF8F8ED2E83}.Debug|Any CPU.Build.0 = Debug|Any CPU
		{5CEEEC5D-BE1F-475B-B616-5FF8F8ED2E83}.Release|Any CPU.ActiveCfg = Release|Any CPU
		{5CEEEC5D-BE1F-475B-B616-5FF8F8ED2E83}.Release|Any CPU.Build.0 = Release|Any CPU
	EndGlobalSection
	GlobalSection(SolutionProperties) = preSolution
		HideSolutionNode = FALSE
	EndGlobalSection
	GlobalSection(ExtensibilityGlobals) = postSolution
		SolutionGuid = {2BA20244-3287-4BCB-BD07-EE734C8ED968}
	EndGlobalSection
EndGlobal
